// !$*UTF8*$!
{
	archiveVersion = 1;
	classes = {
	};
	objectVersion = 55;
	objects = {

/* Begin PBXBuildFile section */
		2963C0032784208F00C58DB9 /* BaseModel.swift in Sources */ = {isa = PBXBuildFile; fileRef = 2963C0022784208F00C58DB9 /* BaseModel.swift */; };
		2963C005278424D200C58DB9 /* Review+Extensions.swift in Sources */ = {isa = PBXBuildFile; fileRef = 2963C004278424D200C58DB9 /* Review+Extensions.swift */; };
		2963C007278424E000C58DB9 /* Movie+Extensions.swift in Sources */ = {isa = PBXBuildFile; fileRef = 2963C006278424E000C58DB9 /* Movie+Extensions.swift */; };
		29CFBD19277DE0E500F50C3F /* AddReviewView.swift in Sources */ = {isa = PBXBuildFile; fileRef = 29CFBD18277DE0E500F50C3F /* AddReviewView.swift */; };
		29CFBD1B277DE0F500F50C3F /* ReviewListView.swift in Sources */ = {isa = PBXBuildFile; fileRef = 29CFBD1A277DE0F500F50C3F /* ReviewListView.swift */; };
		29CFBD1D277DE11F00F50C3F /* AddReviewViewModel.swift in Sources */ = {isa = PBXBuildFile; fileRef = 29CFBD1C277DE11F00F50C3F /* AddReviewViewModel.swift */; };
		29CFBD1F277DE13400F50C3F /* ReviewListViewModel.swift in Sources */ = {isa = PBXBuildFile; fileRef = 29CFBD1E277DE13400F50C3F /* ReviewListViewModel.swift */; };
		29DC2FCE277C91D20070ADB4 /* YourMovieListApp.swift in Sources */ = {isa = PBXBuildFile; fileRef = 29DC2FCD277C91D20070ADB4 /* YourMovieListApp.swift */; };
		29DC2FD2277C91D30070ADB4 /* Assets.xcassets in Resources */ = {isa = PBXBuildFile; fileRef = 29DC2FD1277C91D30070ADB4 /* Assets.xcassets */; };
		29DC2FD5277C91D30070ADB4 /* Preview Assets.xcassets in Resources */ = {isa = PBXBuildFile; fileRef = 29DC2FD4277C91D30070ADB4 /* Preview Assets.xcassets */; };
		29DC2FE2277C928B0070ADB4 /* RatingView.swift in Sources */ = {isa = PBXBuildFile; fileRef = 29DC2FE1277C928B0070ADB4 /* RatingView.swift */; };
		29DC2FE4277C92AB0070ADB4 /* ViewExtensions.swift in Sources */ = {isa = PBXBuildFile; fileRef = 29DC2FE3277C92AB0070ADB4 /* ViewExtensions.swift */; };
		29DC2FE6277C92B90070ADB4 /* DateExtensions.swift in Sources */ = {isa = PBXBuildFile; fileRef = 29DC2FE5277C92B90070ADB4 /* DateExtensions.swift */; };
		29DC2FE8277C92E40070ADB4 /* AddMovieView.swift in Sources */ = {isa = PBXBuildFile; fileRef = 29DC2FE7277C92E40070ADB4 /* AddMovieView.swift */; };
		29DC2FEA277C92FC0070ADB4 /* MovieListView.swift in Sources */ = {isa = PBXBuildFile; fileRef = 29DC2FE9277C92FC0070ADB4 /* MovieListView.swift */; };
		29DC2FEC277C937B0070ADB4 /* CoreDataProvider.swift in Sources */ = {isa = PBXBuildFile; fileRef = 29DC2FEB277C937B0070ADB4 /* CoreDataProvider.swift */; };
		29DC2FEF277C94060070ADB4 /* YourMovieListModel.xcdatamodeld in Sources */ = {isa = PBXBuildFile; fileRef = 29DC2FED277C94060070ADB4 /* YourMovieListModel.xcdatamodeld */; };
		29DC2FF1277C99EE0070ADB4 /* AddMovieViewModel.swift in Sources */ = {isa = PBXBuildFile; fileRef = 29DC2FF0277C99EE0070ADB4 /* AddMovieViewModel.swift */; };
		29DC2FF3277CA3BF0070ADB4 /* MovieListViewModel.swift in Sources */ = {isa = PBXBuildFile; fileRef = 29DC2FF2277CA3BF0070ADB4 /* MovieListViewModel.swift */; };
/* End PBXBuildFile section */

/* Begin PBXFileReference section */
		2963C0022784208F00C58DB9 /* BaseModel.swift */ = {isa = PBXFileReference; lastKnownFileType = sourcecode.swift; path = BaseModel.swift; sourceTree = "<group>"; };
		2963C004278424D200C58DB9 /* Review+Extensions.swift */ = {isa = PBXFileReference; lastKnownFileType = sourcecode.swift; path = "Review+Extensions.swift"; sourceTree = "<group>"; };
		2963C006278424E000C58DB9 /* Movie+Extensions.swift */ = {isa = PBXFileReference; lastKnownFileType = sourcecode.swift; path = "Movie+Extensions.swift"; sourceTree = "<group>"; };
		29CFBD18277DE0E500F50C3F /* AddReviewView.swift */ = {isa = PBXFileReference; lastKnownFileType = sourcecode.swift; path = AddReviewView.swift; sourceTree = "<group>"; };
		29CFBD1A277DE0F500F50C3F /* ReviewListView.swift */ = {isa = PBXFileReference; lastKnownFileType = sourcecode.swift; path = ReviewListView.swift; sourceTree = "<group>"; };
		29CFBD1C277DE11F00F50C3F /* AddReviewViewModel.swift */ = {isa = PBXFileReference; lastKnownFileType = sourcecode.swift; path = AddReviewViewModel.swift; sourceTree = "<group>"; };
		29CFBD1E277DE13400F50C3F /* ReviewListViewModel.swift */ = {isa = PBXFileReference; lastKnownFileType = sourcecode.swift; path = ReviewListViewModel.swift; sourceTree = "<group>"; };
		29DC2FCA277C91D20070ADB4 /* YourMovieList.app */ = {isa = PBXFileReference; explicitFileType = wrapper.application; includeInIndex = 0; path = YourMovieList.app; sourceTree = BUILT_PRODUCTS_DIR; };
		29DC2FCD277C91D20070ADB4 /* YourMovieListApp.swift */ = {isa = PBXFileReference; lastKnownFileType = sourcecode.swift; path = YourMovieListApp.swift; sourceTree = "<group>"; };
		29DC2FD1277C91D30070ADB4 /* Assets.xcassets */ = {isa = PBXFileReference; lastKnownFileType = folder.assetcatalog; path = Assets.xcassets; sourceTree = "<group>"; };
		29DC2FD4277C91D30070ADB4 /* Preview Assets.xcassets */ = {isa = PBXFileReference; lastKnownFileType = folder.assetcatalog; path = "Preview Assets.xcassets"; sourceTree = "<group>"; };
		29DC2FE1277C928B0070ADB4 /* RatingView.swift */ = {isa = PBXFileReference; lastKnownFileType = sourcecode.swift; path = RatingView.swift; sourceTree = "<group>"; };
		29DC2FE3277C92AB0070ADB4 /* ViewExtensions.swift */ = {isa = PBXFileReference; lastKnownFileType = sourcecode.swift; path = ViewExtensions.swift; sourceTree = "<group>"; };
		29DC2FE5277C92B90070ADB4 /* DateExtensions.swift */ = {isa = PBXFileReference; lastKnownFileType = sourcecode.swift; path = DateExtensions.swift; sourceTree = "<group>"; };
		29DC2FE7277C92E40070ADB4 /* AddMovieView.swift */ = {isa = PBXFileReference; lastKnownFileType = sourcecode.swift; path = AddMovieView.swift; sourceTree = "<group>"; };
		29DC2FE9277C92FC0070ADB4 /* MovieListView.swift */ = {isa = PBXFileReference; lastKnownFileType = sourcecode.swift; path = MovieListView.swift; sourceTree = "<group>"; };
		29DC2FEB277C937B0070ADB4 /* CoreDataProvider.swift */ = {isa = PBXFileReference; lastKnownFileType = sourcecode.swift; path = CoreDataProvider.swift; sourceTree = "<group>"; };
		29DC2FEE277C94060070ADB4 /* YourMovieListModel.xcdatamodel */ = {isa = PBXFileReference; lastKnownFileType = wrapper.xcdatamodel; path = YourMovieListModel.xcdatamodel; sourceTree = "<group>"; };
		29DC2FF0277C99EE0070ADB4 /* AddMovieViewModel.swift */ = {isa = PBXFileReference; lastKnownFileType = sourcecode.swift; path = AddMovieViewModel.swift; sourceTree = "<group>"; };
		29DC2FF2277CA3BF0070ADB4 /* MovieListViewModel.swift */ = {isa = PBXFileReference; lastKnownFileType = sourcecode.swift; path = MovieListViewModel.swift; sourceTree = "<group>"; };
/* End PBXFileReference section */

/* Begin PBXFrameworksBuildPhase section */
		29DC2FC7277C91D20070ADB4 /* Frameworks */ = {
			isa = PBXFrameworksBuildPhase;
			buildActionMask = 2147483647;
			files = (
			);
			runOnlyForDeploymentPostprocessing = 0;
		};
/* End PBXFrameworksBuildPhase section */

/* Begin PBXGroup section */
		2963C00827842B6F00C58DB9 /* Providers */ = {
			isa = PBXGroup;
			children = (
				29DC2FEB277C937B0070ADB4 /* CoreDataProvider.swift */,
			);
			path = Providers;
			sourceTree = "<group>";
		};
		29DC2FC1277C91D20070ADB4 = {
			isa = PBXGroup;
			children = (
				29DC2FCC277C91D20070ADB4 /* YourMovieList */,
				29DC2FCB277C91D20070ADB4 /* Products */,
			);
			sourceTree = "<group>";
		};
		29DC2FCB277C91D20070ADB4 /* Products */ = {
			isa = PBXGroup;
			children = (
				29DC2FCA277C91D20070ADB4 /* YourMovieList.app */,
			);
			name = Products;
			sourceTree = "<group>";
		};
		29DC2FCC277C91D20070ADB4 /* YourMovieList */ = {
			isa = PBXGroup;
			children = (
				29DC2FDF277C92600070ADB4 /* Utils */,
				29DC2FDE277C92580070ADB4 /* Model */,
				29DC2FDD277C92270070ADB4 /* View */,
				29DC2FDC277C921F0070ADB4 /* ViewModels */,
				2963C00827842B6F00C58DB9 /* Providers */,
				29DC2FCD277C91D20070ADB4 /* YourMovieListApp.swift */,
				29DC2FD1277C91D30070ADB4 /* Assets.xcassets */,
				29DC2FD3277C91D30070ADB4 /* Preview Content */,
			);
			path = YourMovieList;
			sourceTree = "<group>";
		};
		29DC2FD3277C91D30070ADB4 /* Preview Content */ = {
			isa = PBXGroup;
			children = (
				29DC2FD4277C91D30070ADB4 /* Preview Assets.xcassets */,
			);
			path = "Preview Content";
			sourceTree = "<group>";
		};
		29DC2FDB277C920C0070ADB4 /* Managers */ = {
			isa = PBXGroup;
			children = (
				29DC2FED277C94060070ADB4 /* YourMovieListModel.xcdatamodeld */,
			);
			path = Managers;
			sourceTree = "<group>";
		};
		29DC2FDC277C921F0070ADB4 /* ViewModels */ = {
			isa = PBXGroup;
			children = (
				29DC2FF0277C99EE0070ADB4 /* AddMovieViewModel.swift */,
				29DC2FF2277CA3BF0070ADB4 /* MovieListViewModel.swift */,
				29CFBD1C277DE11F00F50C3F /* AddReviewViewModel.swift */,
				29CFBD1E277DE13400F50C3F /* ReviewListViewModel.swift */,
			);
			path = ViewModels;
			sourceTree = "<group>";
		};
		29DC2FDD277C92270070ADB4 /* View */ = {
			isa = PBXGroup;
			children = (
				29DC2FE1277C928B0070ADB4 /* RatingView.swift */,
				29DC2FE7277C92E40070ADB4 /* AddMovieView.swift */,
				29DC2FE9277C92FC0070ADB4 /* MovieListView.swift */,
				29CFBD18277DE0E500F50C3F /* AddReviewView.swift */,
				29CFBD1A277DE0F500F50C3F /* ReviewListView.swift */,
			);
			path = View;
			sourceTree = "<group>";
		};
		29DC2FDE277C92580070ADB4 /* Model */ = {
			isa = PBXGroup;
			children = (
				29DC2FDB277C920C0070ADB4 /* Managers */,
				2963C0022784208F00C58DB9 /* BaseModel.swift */,
				2963C004278424D200C58DB9 /* Review+Extensions.swift */,
				2963C006278424E000C58DB9 /* Movie+Extensions.swift */,
			);
			path = Model;
			sourceTree = "<group>";
		};
		29DC2FDF277C92600070ADB4 /* Utils */ = {
			isa = PBXGroup;
			children = (
				29DC2FE0277C926E0070ADB4 /* Extensions */,
			);
			path = Utils;
			sourceTree = "<group>";
		};
		29DC2FE0277C926E0070ADB4 /* Extensions */ = {
			isa = PBXGroup;
			children = (
				29DC2FE3277C92AB0070ADB4 /* ViewExtensions.swift */,
				29DC2FE5277C92B90070ADB4 /* DateExtensions.swift */,
			);
			path = Extensions;
			sourceTree = "<group>";
		};
/* End PBXGroup section */

/* Begin PBXNativeTarget section */
		29DC2FC9277C91D20070ADB4 /* YourMovieList */ = {
			isa = PBXNativeTarget;
			buildConfigurationList = 29DC2FD8277C91D30070ADB4 /* Build configuration list for PBXNativeTarget "YourMovieList" */;
			buildPhases = (
				29DC2FC6277C91D20070ADB4 /* Sources */,
				29DC2FC7277C91D20070ADB4 /* Frameworks */,
				29DC2FC8277C91D20070ADB4 /* Resources */,
			);
			buildRules = (
			);
			dependencies = (
			);
			name = YourMovieList;
			productName = YourMovieList;
			productReference = 29DC2FCA277C91D20070ADB4 /* YourMovieList.app */;
			productType = "com.apple.product-type.application";
		};
/* End PBXNativeTarget section */

/* Begin PBXProject section */
		29DC2FC2277C91D20070ADB4 /* Project object */ = {
			isa = PBXProject;
			attributes = {
				BuildIndependentTargetsInParallel = 1;
				LastSwiftUpdateCheck = 1310;
				LastUpgradeCheck = 1310;
				TargetAttributes = {
					29DC2FC9277C91D20070ADB4 = {
						CreatedOnToolsVersion = 13.1;
					};
				};
			};
			buildConfigurationList = 29DC2FC5277C91D20070ADB4 /* Build configuration list for PBXProject "YourMovieList" */;
			compatibilityVersion = "Xcode 13.0";
			developmentRegion = en;
			hasScannedForEncodings = 0;
			knownRegions = (
				en,
				Base,
			);
			mainGroup = 29DC2FC1277C91D20070ADB4;
			productRefGroup = 29DC2FCB277C91D20070ADB4 /* Products */;
			projectDirPath = "";
			projectRoot = "";
			targets = (
				29DC2FC9277C91D20070ADB4 /* YourMovieList */,
			);
		};
/* End PBXProject section */

/* Begin PBXResourcesBuildPhase section */
		29DC2FC8277C91D20070ADB4 /* Resources */ = {
			isa = PBXResourcesBuildPhase;
			buildActionMask = 2147483647;
			files = (
				29DC2FD5277C91D30070ADB4 /* Preview Assets.xcassets in Resources */,
				29DC2FD2277C91D30070ADB4 /* Assets.xcassets in Resources */,
			);
			runOnlyForDeploymentPostprocessing = 0;
		};
/* End PBXResourcesBuildPhase section */

/* Begin PBXSourcesBuildPhase section */
		29DC2FC6277C91D20070ADB4 /* Sources */ = {
			isa = PBXSourcesBuildPhase;
			buildActionMask = 2147483647;
			files = (
				29DC2FE2277C928B0070ADB4 /* RatingView.swift in Sources */,
				29DC2FF1277C99EE0070ADB4 /* AddMovieViewModel.swift in Sources */,
				29CFBD1F277DE13400F50C3F /* ReviewListViewModel.swift in Sources */,
				29DC2FEA277C92FC0070ADB4 /* MovieListView.swift in Sources */,
				2963C007278424E000C58DB9 /* Movie+Extensions.swift in Sources */,
				29DC2FE6277C92B90070ADB4 /* DateExtensions.swift in Sources */,
				29CFBD1B277DE0F500F50C3F /* ReviewListView.swift in Sources */,
				29DC2FEF277C94060070ADB4 /* YourMovieListModel.xcdatamodeld in Sources */,
				29CFBD19277DE0E500F50C3F /* AddReviewView.swift in Sources */,
				29DC2FE4277C92AB0070ADB4 /* ViewExtensions.swift in Sources */,
				2963C0032784208F00C58DB9 /* BaseModel.swift in Sources */,
				29DC2FCE277C91D20070ADB4 /* YourMovieListApp.swift in Sources */,
				29DC2FEC277C937B0070ADB4 /* CoreDataProvider.swift in Sources */,
				29DC2FE8277C92E40070ADB4 /* AddMovieView.swift in Sources */,
				29CFBD1D277DE11F00F50C3F /* AddReviewViewModel.swift in Sources */,
				29DC2FF3277CA3BF0070ADB4 /* MovieListViewModel.swift in Sources */,
				2963C005278424D200C58DB9 /* Review+Extensions.swift in Sources */,
			);
			runOnlyForDeploymentPostprocessing = 0;
		};
/* End PBXSourcesBuildPhase section */

/* Begin XCBuildConfiguration section */
		29DC2FD6277C91D30070ADB4 /* Debug */ = {
			isa = XCBuildConfiguration;
			buildSettings = {
				ALWAYS_SEARCH_USER_PATHS = NO;
				CLANG_ANALYZER_NONNULL = YES;
				CLANG_ANALYZER_NUMBER_OBJECT_CONVERSION = YES_AGGRESSIVE;
				CLANG_CXX_LANGUAGE_STANDARD = "gnu++17";
				CLANG_CXX_LIBRARY = "libc++";
				CLANG_ENABLE_MODULES = YES;
				CLANG_ENABLE_OBJC_ARC = YES;
				CLANG_ENABLE_OBJC_WEAK = YES;
				CLANG_WARN_BLOCK_CAPTURE_AUTORELEASING = YES;
				CLANG_WARN_BOOL_CONVERSION = YES;
				CLANG_WARN_COMMA = YES;
				CLANG_WARN_CONSTANT_CONVERSION = YES;
				CLANG_WARN_DEPRECATED_OBJC_IMPLEMENTATIONS = YES;
				CLANG_WARN_DIRECT_OBJC_ISA_USAGE = YES_ERROR;
				CLANG_WARN_DOCUMENTATION_COMMENTS = YES;
				CLANG_WARN_EMPTY_BODY = YES;
				CLANG_WARN_ENUM_CONVERSION = YES;
				CLANG_WARN_INFINITE_RECURSION = YES;
				CLANG_WARN_INT_CONVERSION = YES;
				CLANG_WARN_NON_LITERAL_NULL_CONVERSION = YES;
				CLANG_WARN_OBJC_IMPLICIT_RETAIN_SELF = YES;
				CLANG_WARN_OBJC_LITERAL_CONVERSION = YES;
				CLANG_WARN_OBJC_ROOT_CLASS = YES_ERROR;
				CLANG_WARN_QUOTED_INCLUDE_IN_FRAMEWORK_HEADER = YES;
				CLANG_WARN_RANGE_LOOP_ANALYSIS = YES;
				CLANG_WARN_STRICT_PROTOTYPES = YES;
				CLANG_WARN_SUSPICIOUS_MOVE = YES;
				CLANG_WARN_UNGUARDED_AVAILABILITY = YES_AGGRESSIVE;
				CLANG_WARN_UNREACHABLE_CODE = YES;
				CLANG_WARN__DUPLICATE_METHOD_MATCH = YES;
				COPY_PHASE_STRIP = NO;
				DEBUG_INFORMATION_FORMAT = dwarf;
				ENABLE_STRICT_OBJC_MSGSEND = YES;
				ENABLE_TESTABILITY = YES;
				GCC_C_LANGUAGE_STANDARD = gnu11;
				GCC_DYNAMIC_NO_PIC = NO;
				GCC_NO_COMMON_BLOCKS = YES;
				GCC_OPTIMIZATION_LEVEL = 0;
				GCC_PREPROCESSOR_DEFINITIONS = (
					"DEBUG=1",
					"$(inherited)",
				);
				GCC_WARN_64_TO_32_BIT_CONVERSION = YES;
				GCC_WARN_ABOUT_RETURN_TYPE = YES_ERROR;
				GCC_WARN_UNDECLARED_SELECTOR = YES;
				GCC_WARN_UNINITIALIZED_AUTOS = YES_AGGRESSIVE;
				GCC_WARN_UNUSED_FUNCTION = YES;
				GCC_WARN_UNUSED_VARIABLE = YES;
				IPHONEOS_DEPLOYMENT_TARGET = 15.0;
				MTL_ENABLE_DEBUG_INFO = INCLUDE_SOURCE;
				MTL_FAST_MATH = YES;
				ONLY_ACTIVE_ARCH = YES;
				SDKROOT = iphoneos;
				SWIFT_ACTIVE_COMPILATION_CONDITIONS = DEBUG;
				SWIFT_OPTIMIZATION_LEVEL = "-Onone";
			};
			name = Debug;
		};
		29DC2FD7277C91D30070ADB4 /* Release */ = {
			isa = XCBuildConfiguration;
			buildSettings = {
				ALWAYS_SEARCH_USER_PATHS = NO;
				CLANG_ANALYZER_NONNULL = YES;
				CLANG_ANALYZER_NUMBER_OBJECT_CONVERSION = YES_AGGRESSIVE;
				CLANG_CXX_LANGUAGE_STANDARD = "gnu++17";
				CLANG_CXX_LIBRARY = "libc++";
				CLANG_ENABLE_MODULES = YES;
				CLANG_ENABLE_OBJC_ARC = YES;
				CLANG_ENABLE_OBJC_WEAK = YES;
				CLANG_WARN_BLOCK_CAPTURE_AUTORELEASING = YES;
				CLANG_WARN_BOOL_CONVERSION = YES;
				CLANG_WARN_COMMA = YES;
				CLANG_WARN_CONSTANT_CONVERSION = YES;
				CLANG_WARN_DEPRECATED_OBJC_IMPLEMENTATIONS = YES;
				CLANG_WARN_DIRECT_OBJC_ISA_USAGE = YES_ERROR;
				CLANG_WARN_DOCUMENTATION_COMMENTS = YES;
				CLANG_WARN_EMPTY_BODY = YES;
				CLANG_WARN_ENUM_CONVERSION = YES;
				CLANG_WARN_INFINITE_RECURSION = YES;
				CLANG_WARN_INT_CONVERSION = YES;
				CLANG_WARN_NON_LITERAL_NULL_CONVERSION = YES;
				CLANG_WARN_OBJC_IMPLICIT_RETAIN_SELF = YES;
				CLANG_WARN_OBJC_LITERAL_CONVERSION = YES;
				CLANG_WARN_OBJC_ROOT_CLASS = YES_ERROR;
				CLANG_WARN_QUOTED_INCLUDE_IN_FRAMEWORK_HEADER = YES;
				CLANG_WARN_RANGE_LOOP_ANALYSIS = YES;
				CLANG_WARN_STRICT_PROTOTYPES = YES;
				CLANG_WARN_SUSPICIOUS_MOVE = YES;
				CLANG_WARN_UNGUARDED_AVAILABILITY = YES_AGGRESSIVE;
				CLANG_WARN_UNREACHABLE_CODE = YES;
				CLANG_WARN__DUPLICATE_METHOD_MATCH = YES;
				COPY_PHASE_STRIP = NO;
				DEBUG_INFORMATION_FORMAT = "dwarf-with-dsym";
				ENABLE_NS_ASSERTIONS = NO;
				ENABLE_STRICT_OBJC_MSGSEND = YES;
				GCC_C_LANGUAGE_STANDARD = gnu11;
				GCC_NO_COMMON_BLOCKS = YES;
				GCC_WARN_64_TO_32_BIT_CONVERSION = YES;
				GCC_WARN_ABOUT_RETURN_TYPE = YES_ERROR;
				GCC_WARN_UNDECLARED_SELECTOR = YES;
				GCC_WARN_UNINITIALIZED_AUTOS = YES_AGGRESSIVE;
				GCC_WARN_UNUSED_FUNCTION = YES;
				GCC_WARN_UNUSED_VARIABLE = YES;
				IPHONEOS_DEPLOYMENT_TARGET = 15.0;
				MTL_ENABLE_DEBUG_INFO = NO;
				MTL_FAST_MATH = YES;
				SDKROOT = iphoneos;
				SWIFT_COMPILATION_MODE = wholemodule;
				SWIFT_OPTIMIZATION_LEVEL = "-O";
				VALIDATE_PRODUCT = YES;
			};
			name = Release;
		};
		29DC2FD9277C91D30070ADB4 /* Debug */ = {
			isa = XCBuildConfiguration;
			buildSettings = {
				ASSETCATALOG_COMPILER_APPICON_NAME = AppIcon;
				ASSETCATALOG_COMPILER_GLOBAL_ACCENT_COLOR_NAME = AccentColor;
				CODE_SIGN_STYLE = Automatic;
				CURRENT_PROJECT_VERSION = 1;
				DEVELOPMENT_ASSET_PATHS = "\"YourMovieList/Preview Content\"";
				DEVELOPMENT_TEAM = 46J936NABV;
				ENABLE_PREVIEWS = YES;
				GENERATE_INFOPLIST_FILE = YES;
				INFOPLIST_KEY_UIApplicationSceneManifest_Generation = YES;
				INFOPLIST_KEY_UIApplicationSupportsIndirectInputEvents = YES;
				INFOPLIST_KEY_UILaunchScreen_Generation = YES;
				INFOPLIST_KEY_UISupportedInterfaceOrientations_iPad = "UIInterfaceOrientationPortrait UIInterfaceOrientationPortraitUpsideDown UIInterfaceOrientationLandscapeLeft UIInterfaceOrientationLandscapeRight";
				INFOPLIST_KEY_UISupportedInterfaceOrientations_iPhone = "UIInterfaceOrientationPortrait UIInterfaceOrientationLandscapeLeft UIInterfaceOrientationLandscapeRight";
				LD_RUNPATH_SEARCH_PATHS = (
					"$(inherited)",
					"@executable_path/Frameworks",
				);
				MARKETING_VERSION = 1.0;
				PRODUCT_BUNDLE_IDENTIFIER = "com.Je-re-my-Perez.YourMovieList";
				PRODUCT_NAME = "$(TARGET_NAME)";
				SWIFT_EMIT_LOC_STRINGS = YES;
				SWIFT_VERSION = 5.0;
				TARGETED_DEVICE_FAMILY = "1,2";
			};
			name = Debug;
		};
		29DC2FDA277C91D30070ADB4 /* Release */ = {
			isa = XCBuildConfiguration;
			buildSettings = {
				ASSETCATALOG_COMPILER_APPICON_NAME = AppIcon;
				ASSETCATALOG_COMPILER_GLOBAL_ACCENT_COLOR_NAME = AccentColor;
				CODE_SIGN_STYLE = Automatic;
				CURRENT_PROJECT_VERSION = 1;
				DEVELOPMENT_ASSET_PATHS = "\"YourMovieList/Preview Content\"";
				DEVELOPMENT_TEAM = 46J936NABV;
				ENABLE_PREVIEWS = YES;
				GENERATE_INFOPLIST_FILE = YES;
				INFOPLIST_KEY_UIApplicationSceneManifest_Generation = YES;
				INFOPLIST_KEY_UIApplicationSupportsIndirectInputEvents = YES;
				INFOPLIST_KEY_UILaunchScreen_Generation = YES;
				INFOPLIST_KEY_UISupportedInterfaceOrientations_iPad = "UIInterfaceOrientationPortrait UIInterfaceOrientationPortraitUpsideDown UIInterfaceOrientationLandscapeLeft UIInterfaceOrientationLandscapeRight";
				INFOPLIST_KEY_UISupportedInterfaceOrientations_iPhone = "UIInterfaceOrientationPortrait UIInterfaceOrientationLandscapeLeft UIInterfaceOrientationLandscapeRight";
				LD_RUNPATH_SEARCH_PATHS = (
					"$(inherited)",
					"@executable_path/Frameworks",
				);
				MARKETING_VERSION = 1.0;
				PRODUCT_BUNDLE_IDENTIFIER = "com.Je-re-my-Perez.YourMovieList";
				PRODUCT_NAME = "$(TARGET_NAME)";
				SWIFT_EMIT_LOC_STRINGS = YES;
				SWIFT_VERSION = 5.0;
				TARGETED_DEVICE_FAMILY = "1,2";
			};
			name = Release;
		};
/* End XCBuildConfiguration section */

/* Begin XCConfigurationList section */
		29DC2FC5277C91D20070ADB4 /* Build configuration list for PBXProject "YourMovieList" */ = {
			isa = XCConfigurationList;
			buildConfigurations = (
				29DC2FD6277C91D30070ADB4 /* Debug */,
				29DC2FD7277C91D30070ADB4 /* Release */,
			);
			defaultConfigurationIsVisible = 0;
			defaultConfigurationName = Release;
		};
		29DC2FD8277C91D30070ADB4 /* Build configuration list for PBXNativeTarget "YourMovieList" */ = {
			isa = XCConfigurationList;
			buildConfigurations = (
				29DC2FD9277C91D30070ADB4 /* Debug */,
				29DC2FDA277C91D30070ADB4 /* Release */,
			);
			defaultConfigurationIsVisible = 0;
			defaultConfigurationName = Release;
		};
/* End XCConfigurationList section */

/* Begin XCVersionGroup section */
		29DC2FED277C94060070ADB4 /* YourMovieListModel.xcdatamodeld */ = {
			isa = XCVersionGroup;
			children = (
				29DC2FEE277C94060070ADB4 /* YourMovieListModel.xcdatamodel */,
			);
			currentVersion = 29DC2FEE277C94060070ADB4 /* YourMovieListModel.xcdatamodel */;
			path = YourMovieListModel.xcdatamodeld;
			sourceTree = "<group>";
			versionGroupType = wrapper.xcdatamodel;
		};
/* End XCVersionGroup section */
	};
	rootObject = 29DC2FC2277C91D20070ADB4 /* Project object */;
}
